
Microsoft Visual Studio Solution File, Format Version 12.00
# Visual Studio Version 16
VisualStudioVersion = 16.0.30523.141
MinimumVisualStudioVersion = 10.0.40219.1
Project("{9A19103F-16F7-4668-BE54-9A1E7A4F7556}") = "Modul11_UI_HW", "Modul11_UI_HW.csproj", "{32A0C76F-A38D-4542-9FEC-3C3BB949BD34}"
	ProjectSection(ProjectDependencies) = postProject
		{E8A62E26-6115-4B0A-B225-B38619500B97} = {E8A62E26-6115-4B0A-B225-B38619500B97}
	EndProjectSection
EndProject
Project("{9A19103F-16F7-4668-BE54-9A1E7A4F7556}") = "Interfaces", "..\Interfaces\Interfaces.csproj", "{E8A62E26-6115-4B0A-B225-B38619500B97}"
EndProject
Project("{9A19103F-16F7-4668-BE54-9A1E7A4F7556}") = "Modul11_UI_HW.Tests", "..\Modul11_UI_HW.Tests\Modul11_UI_HW.Tests.csproj", "{CFA07BC8-35D1-4C33-8ACC-6C259BCE01A4}"
EndProject
Global
	GlobalSection(SolutionConfigurationPlatforms) = preSolution
		Debug|Any CPU = Debug|Any CPU
		Release|Any CPU = Release|Any CPU
	EndGlobalSection
	GlobalSection(ProjectConfigurationPlatforms) = postSolution
		{32A0C76F-A38D-4542-9FEC-3C3BB949BD34}.Debug|Any CPU.ActiveCfg = Debug|Any CPU
		{32A0C76F-A38D-4542-9FEC-3C3BB949BD34}.Debug|Any CPU.Build.0 = Debug|Any CPU
		{32A0C76F-A38D-4542-9FEC-3C3BB949BD34}.Release|Any CPU.ActiveCfg = Release|Any CPU
		{32A0C76F-A38D-4542-9FEC-3C3BB949BD34}.Release|Any CPU.Build.0 = Release|Any CPU
		{E8A62E26-6115-4B0A-B225-B38619500B97}.Debug|Any CPU.ActiveCfg = Debug|Any CPU
		{E8A62E26-6115-4B0A-B225-B38619500B97}.Debug|Any CPU.Build.0 = Debug|Any CPU
		{E8A62E26-6115-4B0A-B225-B38619500B97}.Release|Any CPU.ActiveCfg = Release|Any CPU
		{E8A62E26-6115-4B0A-B225-B38619500B97}.Release|Any CPU.Build.0 = Release|Any CPU
		{CFA07BC8-35D1-4C33-8ACC-6C259BCE01A4}.Debug|Any CPU.ActiveCfg = Debug|Any CPU
		{CFA07BC8-35D1-4C33-8ACC-6C259BCE01A4}.Debug|Any CPU.Build.0 = Debug|Any CPU
		{CFA07BC8-35D1-4C33-8ACC-6C259BCE01A4}.Release|Any CPU.ActiveCfg = Release|Any CPU
		{CFA07BC8-35D1-4C33-8ACC-6C259BCE01A4}.Release|Any CPU.Build.0 = Release|Any CPU
	EndGlobalSection
	GlobalSection(SolutionProperties) = preSolution
		HideSolutionNode = FALSE
	EndGlobalSection
	GlobalSection(ExtensibilityGlobals) = postSolution
		SolutionGuid = {B0D38418-A6D9-4B74-AE35-AA477F3CEDB1}
	EndGlobalSection
EndGlobal
